// !$*UTF8*$!
{
	archiveVersion = 1;
	classes = {
	};
	objectVersion = 50;
	objects = {

/* Begin PBXBuildFile section */
		2E03ED2020E0546D00CB7F1E /* AppDelegate.swift in Sources */ = {isa = PBXBuildFile; fileRef = 2E03ED1F20E0546D00CB7F1E /* AppDelegate.swift */; };
		2E03ED2220E0546D00CB7F1E /* ToDoListViewController.swift in Sources */ = {isa = PBXBuildFile; fileRef = 2E03ED2120E0546D00CB7F1E /* ToDoListViewController.swift */; };
		2E03ED2520E0546D00CB7F1E /* Main.storyboard in Resources */ = {isa = PBXBuildFile; fileRef = 2E03ED2320E0546D00CB7F1E /* Main.storyboard */; };
		2E03ED2720E0547100CB7F1E /* Assets.xcassets in Resources */ = {isa = PBXBuildFile; fileRef = 2E03ED2620E0547100CB7F1E /* Assets.xcassets */; };
		2E03ED2A20E0547100CB7F1E /* LaunchScreen.storyboard in Resources */ = {isa = PBXBuildFile; fileRef = 2E03ED2820E0547100CB7F1E /* LaunchScreen.storyboard */; };
		2E03ED3220E08B2B00CB7F1E /* Item.swift in Sources */ = {isa = PBXBuildFile; fileRef = 2E03ED3120E08B2B00CB7F1E /* Item.swift */; };
/* End PBXBuildFile section */

/* Begin PBXFileReference section */
		2E03ED1C20E0546D00CB7F1E /* Todoey.app */ = {isa = PBXFileReference; explicitFileType = wrapper.application; includeInIndex = 0; path = Todoey.app; sourceTree = BUILT_PRODUCTS_DIR; };
		2E03ED1F20E0546D00CB7F1E /* AppDelegate.swift */ = {isa = PBXFileReference; lastKnownFileType = sourcecode.swift; path = AppDelegate.swift; sourceTree = "<group>"; };
		2E03ED2120E0546D00CB7F1E /* ToDoListViewController.swift */ = {isa = PBXFileReference; lastKnownFileType = sourcecode.swift; path = ToDoListViewController.swift; sourceTree = "<group>"; };
		2E03ED2420E0546D00CB7F1E /* Base */ = {isa = PBXFileReference; lastKnownFileType = file.storyboard; name = Base; path = Base.lproj/Main.storyboard; sourceTree = "<group>"; };
		2E03ED2620E0547100CB7F1E /* Assets.xcassets */ = {isa = PBXFileReference; lastKnownFileType = folder.assetcatalog; path = Assets.xcassets; sourceTree = "<group>"; };
		2E03ED2920E0547100CB7F1E /* Base */ = {isa = PBXFileReference; lastKnownFileType = file.storyboard; name = Base; path = Base.lproj/LaunchScreen.storyboard; sourceTree = "<group>"; };
		2E03ED2B20E0547100CB7F1E /* Info.plist */ = {isa = PBXFileReference; lastKnownFileType = text.plist.xml; path = Info.plist; sourceTree = "<group>"; };
		2E03ED3120E08B2B00CB7F1E /* Item.swift */ = {isa = PBXFileReference; lastKnownFileType = sourcecode.swift; path = Item.swift; sourceTree = "<group>"; };
/* End PBXFileReference section */

/* Begin PBXFrameworksBuildPhase section */
		2E03ED1920E0546D00CB7F1E /* Frameworks */ = {
			isa = PBXFrameworksBuildPhase;
			buildActionMask = 2147483647;
			files = (
			);
			runOnlyForDeploymentPostprocessing = 0;
		};
/* End PBXFrameworksBuildPhase section */

/* Begin PBXGroup section */
		2E03ED1320E0546D00CB7F1E = {
			isa = PBXGroup;
			children = (
				2E03ED1E20E0546D00CB7F1E /* Todoey */,
				2E03ED1D20E0546D00CB7F1E /* Products */,
			);
			sourceTree = "<group>";
		};
		2E03ED1D20E0546D00CB7F1E /* Products */ = {
			isa = PBXGroup;
			children = (
				2E03ED1C20E0546D00CB7F1E /* Todoey.app */,
			);
			name = Products;
			sourceTree = "<group>";
		};
		2E03ED1E20E0546D00CB7F1E /* Todoey */ = {
			isa = PBXGroup;
			children = (
				2E03ED1F20E0546D00CB7F1E /* AppDelegate.swift */,
				2E03ED3320E08B3C00CB7F1E /* Controllers */,
				2E03ED3420E08B5800CB7F1E /* Model */,
				2E03ED3520E08B6500CB7F1E /* Viewer */,
				2E03ED2820E0547100CB7F1E /* LaunchScreen.storyboard */,
				2E03ED2B20E0547100CB7F1E /* Info.plist */,
			);
			path = Todoey;
			sourceTree = "<group>";
		};
		2E03ED3320E08B3C00CB7F1E /* Controllers */ = {
			isa = PBXGroup;
			children = (
				2E03ED2120E0546D00CB7F1E /* ToDoListViewController.swift */,
			);
			path = Controllers;
			sourceTree = "<group>";
		};
		2E03ED3420E08B5800CB7F1E /* Model */ = {
			isa = PBXGroup;
			children = (
				2E03ED3120E08B2B00CB7F1E /* Item.swift */,
			);
			path = Model;
			sourceTree = "<group>";
		};
		2E03ED3520E08B6500CB7F1E /* Viewer */ = {
			isa = PBXGroup;
			children = (
				2E03ED2320E0546D00CB7F1E /* Main.storyboard */,
				2E03ED2620E0547100CB7F1E /* Assets.xcassets */,
			);
			path = Viewer;
			sourceTree = "<group>";
		};
/* End PBXGroup section */

/* Begin PBXNativeTarget section */
		2E03ED1B20E0546D00CB7F1E /* Todoey */ = {
			isa = PBXNativeTarget;
			buildConfigurationList = 2E03ED2E20E0547100CB7F1E /* Build configuration list for PBXNativeTarget "Todoey" */;
			buildPhases = (
				2E03ED1820E0546D00CB7F1E /* Sources */,
				2E03ED1920E0546D00CB7F1E /* Frameworks */,
				2E03ED1A20E0546D00CB7F1E /* Resources */,
			);
			buildRules = (
			);
			dependencies = (
			);
			name = Todoey;
			productName = Todoey;
			productReference = 2E03ED1C20E0546D00CB7F1E /* Todoey.app */;
			productType = "com.apple.product-type.application";
		};
/* End PBXNativeTarget section */

/* Begin PBXProject section */
		2E03ED1420E0546D00CB7F1E /* Project object */ = {
			isa = PBXProject;
			attributes = {
				LastSwiftUpdateCheck = 0940;
				LastUpgradeCheck = 0940;
				ORGANIZATIONNAME = "Gera Garza";
				TargetAttributes = {
					2E03ED1B20E0546D00CB7F1E = {
						CreatedOnToolsVersion = 9.4.1;
					};
				};
			};
			buildConfigurationList = 2E03ED1720E0546D00CB7F1E /* Build configuration list for PBXProject "Todoey" */;
			compatibilityVersion = "Xcode 9.3";
			developmentRegion = en;
			hasScannedForEncodings = 0;
			knownRegions = (
				en,
				Base,
			);
			mainGroup = 2E03ED1320E0546D00CB7F1E;
			productRefGroup = 2E03ED1D20E0546D00CB7F1E /* Products */;
			projectDirPath = "";
			projectRoot = "";
			targets = (
				2E03ED1B20E0546D00CB7F1E /* Todoey */,
			);
		};
/* End PBXProject section */

/* Begin PBXResourcesBuildPhase section */
		2E03ED1A20E0546D00CB7F1E /* Resources */ = {
			isa = PBXResourcesBuildPhase;
			buildActionMask = 2147483647;
			files = (
				2E03ED2A20E0547100CB7F1E /* LaunchScreen.storyboard in Resources */,
				2E03ED2720E0547100CB7F1E /* Assets.xcassets in Resources */,
				2E03ED2520E0546D00CB7F1E /* Main.storyboard in Resources */,
			);
			runOnlyForDeploymentPostprocessing = 0;
		};
/* End PBXResourcesBuildPhase section */

/* Begin PBXSourcesBuildPhase section */
		2E03ED1820E0546D00CB7F1E /* Sources */ = {
			isa = PBXSourcesBuildPhase;
			buildActionMask = 2147483647;
			files = (
				2E03ED2220E0546D00CB7F1E /* ToDoListViewController.swift in Sources */,
				2E03ED3220E08B2B00CB7F1E /* Item.swift in Sources */,
				2E03ED2020E0546D00CB7F1E /* AppDelegate.swift in Sources */,
			);
			runOnlyForDeploymentPostprocessing = 0;
		};
/* End PBXSourcesBuildPhase section */

/* Begin PBXVariantGroup section */
		2E03ED2320E0546D00CB7F1E /* Main.storyboard */ = {
			isa = PBXVariantGroup;
			children = (
				2E03ED2420E0546D00CB7F1E /* Base */,
			);
			name = Main.storyboard;
			sourceTree = "<group>";
		};
		2E03ED2820E0547100CB7F1E /* LaunchScreen.storyboard */ = {
			isa = PBXVariantGroup;
			children = (
				2E03ED2920E0547100CB7F1E /* Base */,
			);
			name = LaunchScreen.storyboard;
			sourceTree = "<group>";
		};
/* End PBXVariantGroup section */

/* Begin XCBuildConfiguration section */
		2E03ED2C20E0547100CB7F1E /* Debug */ = {
			isa = XCBuildConfiguration;
			buildSettings = {
				ALWAYS_SEARCH_USER_PATHS = NO;
				CLANG_ANALYZER_NONNULL = YES;
				CLANG_ANALYZER_NUMBER_OBJECT_CONVERSION = YES_AGGRESSIVE;
				CLANG_CXX_LANGUAGE_STANDARD = "gnu++14";
				CLANG_CXX_LIBRARY = "libc++";
				CLANG_ENABLE_MODULES = YES;
				CLANG_ENABLE_OBJC_ARC = YES;
				CLANG_ENABLE_OBJC_WEAK = YES;
				CLANG_WARN_BLOCK_CAPTURE_AUTORELEASING = YES;
				CLANG_WARN_BOOL_CONVERSION = YES;
				CLANG_WARN_COMMA = YES;
				CLANG_WARN_CONSTANT_CONVERSION = YES;
				CLANG_WARN_DEPRECATED_OBJC_IMPLEMENTATIONS = YES;
				CLANG_WARN_DIRECT_OBJC_ISA_USAGE = YES_ERROR;
				CLANG_WARN_DOCUMENTATION_COMMENTS = YES;
				CLANG_WARN_EMPTY_BODY = YES;
				CLANG_WARN_ENUM_CONVERSION = YES;
				CLANG_WARN_INFINITE_RECURSION = YES;
				CLANG_WARN_INT_CONVERSION = YES;
				CLANG_WARN_NON_LITERAL_NULL_CONVERSION = YES;
				CLANG_WARN_OBJC_IMPLICIT_RETAIN_SELF = YES;
				CLANG_WARN_OBJC_LITERAL_CONVERSION = YES;
				CLANG_WARN_OBJC_ROOT_CLASS = YES_ERROR;
				CLANG_WARN_RANGE_LOOP_ANALYSIS = YES;
				CLANG_WARN_STRICT_PROTOTYPES = YES;
				CLANG_WARN_SUSPICIOUS_MOVE = YES;
				CLANG_WARN_UNGUARDED_AVAILABILITY = YES_AGGRESSIVE;
				CLANG_WARN_UNREACHABLE_CODE = YES;
				CLANG_WARN__DUPLICATE_METHOD_MATCH = YES;
				CODE_SIGN_IDENTITY = "iPhone Developer";
				COPY_PHASE_STRIP = NO;
				DEBUG_INFORMATION_FORMAT = dwarf;
				ENABLE_STRICT_OBJC_MSGSEND = YES;
				ENABLE_TESTABILITY = YES;
				GCC_C_LANGUAGE_STANDARD = gnu11;
				GCC_DYNAMIC_NO_PIC = NO;
				GCC_NO_COMMON_BLOCKS = YES;
				GCC_OPTIMIZATION_LEVEL = 0;
				GCC_PREPROCESSOR_DEFINITIONS = (
					"DEBUG=1",
					"$(inherited)",
				);
				GCC_WARN_64_TO_32_BIT_CONVERSION = YES;
				GCC_WARN_ABOUT_RETURN_TYPE = YES_ERROR;
				GCC_WARN_UNDECLARED_SELECTOR = YES;
				GCC_WARN_UNINITIALIZED_AUTOS = YES_AGGRESSIVE;
				GCC_WARN_UNUSED_FUNCTION = YES;
				GCC_WARN_UNUSED_VARIABLE = YES;
				IPHONEOS_DEPLOYMENT_TARGET = 11.4;
				MTL_ENABLE_DEBUG_INFO = YES;
				ONLY_ACTIVE_ARCH = YES;
				SDKROOT = iphoneos;
				SWIFT_ACTIVE_COMPILATION_CONDITIONS = DEBUG;
				SWIFT_OPTIMIZATION_LEVEL = "-Onone";
			};
			name = Debug;
		};
		2E03ED2D20E0547100CB7F1E /* Release */ = {
			isa = XCBuildConfiguration;
			buildSettings = {
				ALWAYS_SEARCH_USER_PATHS = NO;
				CLANG_ANALYZER_NONNULL = YES;
				CLANG_ANALYZER_NUMBER_OBJECT_CONVERSION = YES_AGGRESSIVE;
				CLANG_CXX_LANGUAGE_STANDARD = "gnu++14";
				CLANG_CXX_LIBRARY = "libc++";
				CLANG_ENABLE_MODULES = YES;
				CLANG_ENABLE_OBJC_ARC = YES;
				CLANG_ENABLE_OBJC_WEAK = YES;
				CLANG_WARN_BLOCK_CAPTURE_AUTORELEASING = YES;
				CLANG_WARN_BOOL_CONVERSION = YES;
				CLANG_WARN_COMMA = YES;
				CLANG_WARN_CONSTANT_CONVERSION = YES;
				CLANG_WARN_DEPRECATED_OBJC_IMPLEMENTATIONS = YES;
				CLANG_WARN_DIRECT_OBJC_ISA_USAGE = YES_ERROR;
				CLANG_WARN_DOCUMENTATION_COMMENTS = YES;
				CLANG_WARN_EMPTY_BODY = YES;
				CLANG_WARN_ENUM_CONVERSION = YES;
				CLANG_WARN_INFINITE_RECURSION = YES;
				CLANG_WARN_INT_CONVERSION = YES;
				CLANG_WARN_NON_LITERAL_NULL_CONVERSION = YES;
				CLANG_WARN_OBJC_IMPLICIT_RETAIN_SELF = YES;
				CLANG_WARN_OBJC_LITERAL_CONVERSION = YES;
				CLANG_WARN_OBJC_ROOT_CLASS = YES_ERROR;
				CLANG_WARN_RANGE_LOOP_ANALYSIS = YES;
				CLANG_WARN_STRICT_PROTOTYPES = YES;
				CLANG_WARN_SUSPICIOUS_MOVE = YES;
				CLANG_WARN_UNGUARDED_AVAILABILITY = YES_AGGRESSIVE;
				CLANG_WARN_UNREACHABLE_CODE = YES;
				CLANG_WARN__DUPLICATE_METHOD_MATCH = YES;
				CODE_SIGN_IDENTITY = "iPhone Developer";
				COPY_PHASE_STRIP = NO;
				DEBUG_INFORMATION_FORMAT = "dwarf-with-dsym";
				ENABLE_NS_ASSERTIONS = NO;
				ENABLE_STRICT_OBJC_MSGSEND = YES;
				GCC_C_LANGUAGE_STANDARD = gnu11;
				GCC_NO_COMMON_BLOCKS = YES;
				GCC_WARN_64_TO_32_BIT_CONVERSION = YES;
				GCC_WARN_ABOUT_RETURN_TYPE = YES_ERROR;
				GCC_WARN_UNDECLARED_SELECTOR = YES;
				GCC_WARN_UNINITIALIZED_AUTOS = YES_AGGRESSIVE;
				GCC_WARN_UNUSED_FUNCTION = YES;
				GCC_WARN_UNUSED_VARIABLE = YES;
				IPHONEOS_DEPLOYMENT_TARGET = 11.4;
				MTL_ENABLE_DEBUG_INFO = NO;
				SDKROOT = iphoneos;
				SWIFT_COMPILATION_MODE = wholemodule;
				SWIFT_OPTIMIZATION_LEVEL = "-O";
				VALIDATE_PRODUCT = YES;
			};
			name = Release;
		};
		2E03ED2F20E0547100CB7F1E /* Debug */ = {
			isa = XCBuildConfiguration;
			buildSettings = {
				ASSETCATALOG_COMPILER_APPICON_NAME = AppIcon;
				CODE_SIGN_STYLE = Automatic;
				DEVELOPMENT_TEAM = Y74Q4RL4S2;
				INFOPLIST_FILE = Todoey/Info.plist;
				LD_RUNPATH_SEARCH_PATHS = (
					"$(inherited)",
					"@executable_path/Frameworks",
				);
				PRODUCT_BUNDLE_IDENTIFIER = GeraGarza.Todoey;
				PRODUCT_NAME = "$(TARGET_NAME)";
				SWIFT_VERSION = 4.0;
				TARGETED_DEVICE_FAMILY = "1,2";
			};
			name = Debug;
		};
		2E03ED3020E0547100CB7F1E /* Release */ = {
			isa = XCBuildConfiguration;
			buildSettings = {
				ASSETCATALOG_COMPILER_APPICON_NAME = AppIcon;
				CODE_SIGN_STYLE = Automatic;
				DEVELOPMENT_TEAM = Y74Q4RL4S2;
				INFOPLIST_FILE = Todoey/Info.plist;
				LD_RUNPATH_SEARCH_PATHS = (
					"$(inherited)",
					"@executable_path/Frameworks",
				);
				PRODUCT_BUNDLE_IDENTIFIER = GeraGarza.Todoey;
				PRODUCT_NAME = "$(TARGET_NAME)";
				SWIFT_VERSION = 4.0;
				TARGETED_DEVICE_FAMILY = "1,2";
			};
			name = Release;
		};
/* End XCBuildConfiguration section */

/* Begin XCConfigurationList section */
		2E03ED1720E0546D00CB7F1E /* Build configuration list for PBXProject "Todoey" */ = {
			isa = XCConfigurationList;
			buildConfigurations = (
				2E03ED2C20E0547100CB7F1E /* Debug */,
				2E03ED2D20E0547100CB7F1E /* Release */,
			);
			defaultConfigurationIsVisible = 0;
			defaultConfigurationName = Release;
		};
		2E03ED2E20E0547100CB7F1E /* Build configuration list for PBXNativeTarget "Todoey" */ = {
			isa = XCConfigurationList;
			buildConfigurations = (
				2E03ED2F20E0547100CB7F1E /* Debug */,
				2E03ED3020E0547100CB7F1E /* Release */,
			);
			defaultConfigurationIsVisible = 0;
			defaultConfigurationName = Release;
		};
/* End XCConfigurationList section */
	};
	rootObject = 2E03ED1420E0546D00CB7F1E /* Project object */;
}
